
Microsoft Visual Studio Solution File, Format Version 12.00
# Visual Studio Version 16
VisualStudioVersion = 16.0.30804.86
MinimumVisualStudioVersion = 10.0.40219.1
Project("{FAE04EC0-301F-11D3-BF4B-00C04F79EFBC}") = "ALU1 diplom", "ALU1 diplom\ALU1 diplom.csproj", "{1E8FED82-05DC-4808-BC6D-589F59661346}"
EndProject
Global
	GlobalSection(SolutionConfigurationPlatforms) = preSolution
		Debug|Any CPU = Debug|Any CPU
		Release|Any CPU = Release|Any CPU
	EndGlobalSection
	GlobalSection(ProjectConfigurationPlatforms) = postSolution
		{1E8FED82-05DC-4808-BC6D-589F59661346}.Debug|Any CPU.ActiveCfg = Debug|Any CPU
		{1E8FED82-05DC-4808-BC6D-589F59661346}.Debug|Any CPU.Build.0 = Debug|Any CPU
		{1E8FED82-05DC-4808-BC6D-589F59661346}.Release|Any CPU.ActiveCfg = Release|Any CPU
		{1E8FED82-05DC-4808-BC6D-589F59661346}.Release|Any CPU.Build.0 = Release|Any CPU
	EndGlobalSection
	GlobalSection(SolutionProperties) = preSolution
		HideSolutionNode = FALSE
	EndGlobalSection
	GlobalSection(ExtensibilityGlobals) = postSolution
		SolutionGuid = {21A344A9-C09D-4188-838D-48BFD536E568}
	EndGlobalSection
EndGlobal
